
Microsoft Visual Studio Solution File, Format Version 12.00
# Visual Studio 15
VisualStudioVersion = 15.0.28307.271
MinimumVisualStudioVersion = 10.0.40219.1
Project("{FAE04EC0-301F-11D3-BF4B-00C04F79EFBC}") = "IronSourceIssue.Android", "IronSourceIssue\IronSourceIssue.Android\IronSourceIssue.Android.csproj", "{862CD357-5D8A-4FC2-BCF5-6753C51B85FF}"
EndProject
Project("{FAE04EC0-301F-11D3-BF4B-00C04F79EFBC}") = "IronSourceIssue", "IronSourceIssue\IronSourceIssue\IronSourceIssue.csproj", "{EC6E1E05-D2D1-49DC-958C-9A207DAB8B4D}"
EndProject
Global
	GlobalSection(SolutionConfigurationPlatforms) = preSolution
		Debug|Any CPU = Debug|Any CPU
		Release|Any CPU = Release|Any CPU
	EndGlobalSection
	GlobalSection(ProjectConfigurationPlatforms) = postSolution
		{862CD357-5D8A-4FC2-BCF5-6753C51B85FF}.Debug|Any CPU.ActiveCfg = Debug|Any CPU
		{862CD357-5D8A-4FC2-BCF5-6753C51B85FF}.Debug|Any CPU.Build.0 = Debug|Any CPU
		{862CD357-5D8A-4FC2-BCF5-6753C51B85FF}.Debug|Any CPU.Deploy.0 = Debug|Any CPU
		{862CD357-5D8A-4FC2-BCF5-6753C51B85FF}.Release|Any CPU.ActiveCfg = Release|Any CPU
		{862CD357-5D8A-4FC2-BCF5-6753C51B85FF}.Release|Any CPU.Build.0 = Release|Any CPU
		{862CD357-5D8A-4FC2-BCF5-6753C51B85FF}.Release|Any CPU.Deploy.0 = Release|Any CPU
		{EC6E1E05-D2D1-49DC-958C-9A207DAB8B4D}.Debug|Any CPU.ActiveCfg = Debug|Any CPU
		{EC6E1E05-D2D1-49DC-958C-9A207DAB8B4D}.Debug|Any CPU.Build.0 = Debug|Any CPU
		{EC6E1E05-D2D1-49DC-958C-9A207DAB8B4D}.Release|Any CPU.ActiveCfg = Release|Any CPU
		{EC6E1E05-D2D1-49DC-958C-9A207DAB8B4D}.Release|Any CPU.Build.0 = Release|Any CPU
	EndGlobalSection
	GlobalSection(SolutionProperties) = preSolution
		HideSolutionNode = FALSE
	EndGlobalSection
	GlobalSection(ExtensibilityGlobals) = postSolution
		SolutionGuid = {5B2002D0-2C7C-411D-A402-58FB8529E0D7}
	EndGlobalSection
EndGlobal
